
Microsoft Visual Studio Solution File, Format Version 12.00
# Visual Studio 15
VisualStudioVersion = 15.0.26124.0
MinimumVisualStudioVersion = 15.0.26124.0
Project("{FAE04EC0-301F-11D3-BF4B-00C04F79EFBC}") = "TodoApi", "TodoApi\TodoApi.csproj", "{A79C264D-C4FB-44A4-831C-A778DA0CF6DC}"
EndProject
Project("{FAE04EC0-301F-11D3-BF4B-00C04F79EFBC}") = "TodoTests", "TodoTests\TodoTests.csproj", "{4807827E-54A3-48EF-9377-4EB88D8AC52B}"
EndProject
Global
	GlobalSection(SolutionConfigurationPlatforms) = preSolution
		Debug|Any CPU = Debug|Any CPU
		Debug|x64 = Debug|x64
		Debug|x86 = Debug|x86
		Release|Any CPU = Release|Any CPU
		Release|x64 = Release|x64
		Release|x86 = Release|x86
	EndGlobalSection
	GlobalSection(SolutionProperties) = preSolution
		HideSolutionNode = FALSE
	EndGlobalSection
	GlobalSection(ProjectConfigurationPlatforms) = postSolution
		{A79C264D-C4FB-44A4-831C-A778DA0CF6DC}.Debug|Any CPU.ActiveCfg = Debug|Any CPU
		{A79C264D-C4FB-44A4-831C-A778DA0CF6DC}.Debug|Any CPU.Build.0 = Debug|Any CPU
		{A79C264D-C4FB-44A4-831C-A778DA0CF6DC}.Debug|x64.ActiveCfg = Debug|Any CPU
		{A79C264D-C4FB-44A4-831C-A778DA0CF6DC}.Debug|x64.Build.0 = Debug|Any CPU
		{A79C264D-C4FB-44A4-831C-A778DA0CF6DC}.Debug|x86.ActiveCfg = Debug|Any CPU
		{A79C264D-C4FB-44A4-831C-A778DA0CF6DC}.Debug|x86.Build.0 = Debug|Any CPU
		{A79C264D-C4FB-44A4-831C-A778DA0CF6DC}.Release|Any CPU.ActiveCfg = Release|Any CPU
		{A79C264D-C4FB-44A4-831C-A778DA0CF6DC}.Release|Any CPU.Build.0 = Release|Any CPU
		{A79C264D-C4FB-44A4-831C-A778DA0CF6DC}.Release|x64.ActiveCfg = Release|Any CPU
		{A79C264D-C4FB-44A4-831C-A778DA0CF6DC}.Release|x64.Build.0 = Release|Any CPU
		{A79C264D-C4FB-44A4-831C-A778DA0CF6DC}.Release|x86.ActiveCfg = Release|Any CPU
		{A79C264D-C4FB-44A4-831C-A778DA0CF6DC}.Release|x86.Build.0 = Release|Any CPU
		{4807827E-54A3-48EF-9377-4EB88D8AC52B}.Debug|Any CPU.ActiveCfg = Debug|Any CPU
		{4807827E-54A3-48EF-9377-4EB88D8AC52B}.Debug|Any CPU.Build.0 = Debug|Any CPU
		{4807827E-54A3-48EF-9377-4EB88D8AC52B}.Debug|x64.ActiveCfg = Debug|Any CPU
		{4807827E-54A3-48EF-9377-4EB88D8AC52B}.Debug|x64.Build.0 = Debug|Any CPU
		{4807827E-54A3-48EF-9377-4EB88D8AC52B}.Debug|x86.ActiveCfg = Debug|Any CPU
		{4807827E-54A3-48EF-9377-4EB88D8AC52B}.Debug|x86.Build.0 = Debug|Any CPU
		{4807827E-54A3-48EF-9377-4EB88D8AC52B}.Release|Any CPU.ActiveCfg = Release|Any CPU
		{4807827E-54A3-48EF-9377-4EB88D8AC52B}.Release|Any CPU.Build.0 = Release|Any CPU
		{4807827E-54A3-48EF-9377-4EB88D8AC52B}.Release|x64.ActiveCfg = Release|Any CPU
		{4807827E-54A3-48EF-9377-4EB88D8AC52B}.Release|x64.Build.0 = Release|Any CPU
		{4807827E-54A3-48EF-9377-4EB88D8AC52B}.Release|x86.ActiveCfg = Release|Any CPU
		{4807827E-54A3-48EF-9377-4EB88D8AC52B}.Release|x86.Build.0 = Release|Any CPU
	EndGlobalSection
EndGlobal
